// !$*UTF8*$!
{
	archiveVersion = 1;
	classes = {
	};
	objectVersion = 50;
	objects = {

/* Begin PBXBuildFile section */
		31AEC13A23ED47CE00288C78 /* AppDelegate.swift in Sources */ = {isa = PBXBuildFile; fileRef = 31AEC13923ED47CE00288C78 /* AppDelegate.swift */; };
		31AEC13C23ED47CE00288C78 /* SceneDelegate.swift in Sources */ = {isa = PBXBuildFile; fileRef = 31AEC13B23ED47CE00288C78 /* SceneDelegate.swift */; };
		31AEC13E23ED47CE00288C78 /* ContentView.swift in Sources */ = {isa = PBXBuildFile; fileRef = 31AEC13D23ED47CE00288C78 /* ContentView.swift */; };
		31AEC14023ED47D000288C78 /* Assets.xcassets in Resources */ = {isa = PBXBuildFile; fileRef = 31AEC13F23ED47D000288C78 /* Assets.xcassets */; };
		31AEC14323ED47D000288C78 /* Preview Assets.xcassets in Resources */ = {isa = PBXBuildFile; fileRef = 31AEC14223ED47D000288C78 /* Preview Assets.xcassets */; };
		31AEC14623ED47D000288C78 /* LaunchScreen.storyboard in Resources */ = {isa = PBXBuildFile; fileRef = 31AEC14423ED47D000288C78 /* LaunchScreen.storyboard */; };
		31AEC15123ED47D100288C78 /* AuthDemoTests.swift in Sources */ = {isa = PBXBuildFile; fileRef = 31AEC15023ED47D100288C78 /* AuthDemoTests.swift */; };
		31AEC15C23ED47D100288C78 /* AuthDemoUITests.swift in Sources */ = {isa = PBXBuildFile; fileRef = 31AEC15B23ED47D100288C78 /* AuthDemoUITests.swift */; };
/* End PBXBuildFile section */

/* Begin PBXContainerItemProxy section */
		31AEC14D23ED47D100288C78 /* PBXContainerItemProxy */ = {
			isa = PBXContainerItemProxy;
			containerPortal = 31AEC12E23ED47CE00288C78 /* Project object */;
			proxyType = 1;
			remoteGlobalIDString = 31AEC13523ED47CE00288C78;
			remoteInfo = AuthDemo;
		};
		31AEC15823ED47D100288C78 /* PBXContainerItemProxy */ = {
			isa = PBXContainerItemProxy;
			containerPortal = 31AEC12E23ED47CE00288C78 /* Project object */;
			proxyType = 1;
			remoteGlobalIDString = 31AEC13523ED47CE00288C78;
			remoteInfo = AuthDemo;
		};
/* End PBXContainerItemProxy section */

/* Begin PBXFileReference section */
		31AEC13623ED47CE00288C78 /* AuthDemo.app */ = {isa = PBXFileReference; explicitFileType = wrapper.application; includeInIndex = 0; path = AuthDemo.app; sourceTree = BUILT_PRODUCTS_DIR; };
		31AEC13923ED47CE00288C78 /* AppDelegate.swift */ = {isa = PBXFileReference; lastKnownFileType = sourcecode.swift; path = AppDelegate.swift; sourceTree = "<group>"; };
		31AEC13B23ED47CE00288C78 /* SceneDelegate.swift */ = {isa = PBXFileReference; lastKnownFileType = sourcecode.swift; path = SceneDelegate.swift; sourceTree = "<group>"; };
		31AEC13D23ED47CE00288C78 /* ContentView.swift */ = {isa = PBXFileReference; lastKnownFileType = sourcecode.swift; path = ContentView.swift; sourceTree = "<group>"; };
		31AEC13F23ED47D000288C78 /* Assets.xcassets */ = {isa = PBXFileReference; lastKnownFileType = folder.assetcatalog; path = Assets.xcassets; sourceTree = "<group>"; };
		31AEC14223ED47D000288C78 /* Preview Assets.xcassets */ = {isa = PBXFileReference; lastKnownFileType = folder.assetcatalog; path = "Preview Assets.xcassets"; sourceTree = "<group>"; };
		31AEC14523ED47D000288C78 /* Base */ = {isa = PBXFileReference; lastKnownFileType = file.storyboard; name = Base; path = Base.lproj/LaunchScreen.storyboard; sourceTree = "<group>"; };
		31AEC14723ED47D000288C78 /* Info.plist */ = {isa = PBXFileReference; lastKnownFileType = text.plist.xml; path = Info.plist; sourceTree = "<group>"; };
		31AEC14C23ED47D100288C78 /* AuthDemoTests.xctest */ = {isa = PBXFileReference; explicitFileType = wrapper.cfbundle; includeInIndex = 0; path = AuthDemoTests.xctest; sourceTree = BUILT_PRODUCTS_DIR; };
		31AEC15023ED47D100288C78 /* AuthDemoTests.swift */ = {isa = PBXFileReference; lastKnownFileType = sourcecode.swift; path = AuthDemoTests.swift; sourceTree = "<group>"; };
		31AEC15223ED47D100288C78 /* Info.plist */ = {isa = PBXFileReference; lastKnownFileType = text.plist.xml; path = Info.plist; sourceTree = "<group>"; };
		31AEC15723ED47D100288C78 /* AuthDemoUITests.xctest */ = {isa = PBXFileReference; explicitFileType = wrapper.cfbundle; includeInIndex = 0; path = AuthDemoUITests.xctest; sourceTree = BUILT_PRODUCTS_DIR; };
		31AEC15B23ED47D100288C78 /* AuthDemoUITests.swift */ = {isa = PBXFileReference; lastKnownFileType = sourcecode.swift; path = AuthDemoUITests.swift; sourceTree = "<group>"; };
		31AEC15D23ED47D100288C78 /* Info.plist */ = {isa = PBXFileReference; lastKnownFileType = text.plist.xml; path = Info.plist; sourceTree = "<group>"; };
/* End PBXFileReference section */

/* Begin PBXFrameworksBuildPhase section */
		31AEC13323ED47CE00288C78 /* Frameworks */ = {
			isa = PBXFrameworksBuildPhase;
			buildActionMask = 2147483647;
			files = (
			);
			runOnlyForDeploymentPostprocessing = 0;
		};
		31AEC14923ED47D100288C78 /* Frameworks */ = {
			isa = PBXFrameworksBuildPhase;
			buildActionMask = 2147483647;
			files = (
			);
			runOnlyForDeploymentPostprocessing = 0;
		};
		31AEC15423ED47D100288C78 /* Frameworks */ = {
			isa = PBXFrameworksBuildPhase;
			buildActionMask = 2147483647;
			files = (
			);
			runOnlyForDeploymentPostprocessing = 0;
		};
/* End PBXFrameworksBuildPhase section */

/* Begin PBXGroup section */
		31AEC12D23ED47CE00288C78 = {
			isa = PBXGroup;
			children = (
				31AEC13823ED47CE00288C78 /* AuthDemo */,
				31AEC14F23ED47D100288C78 /* AuthDemoTests */,
				31AEC15A23ED47D100288C78 /* AuthDemoUITests */,
				31AEC13723ED47CE00288C78 /* Products */,
			);
			sourceTree = "<group>";
		};
		31AEC13723ED47CE00288C78 /* Products */ = {
			isa = PBXGroup;
			children = (
				31AEC13623ED47CE00288C78 /* AuthDemo.app */,
				31AEC14C23ED47D100288C78 /* AuthDemoTests.xctest */,
				31AEC15723ED47D100288C78 /* AuthDemoUITests.xctest */,
			);
			name = Products;
			sourceTree = "<group>";
		};
		31AEC13823ED47CE00288C78 /* AuthDemo */ = {
			isa = PBXGroup;
			children = (
				31AEC13923ED47CE00288C78 /* AppDelegate.swift */,
				31AEC13B23ED47CE00288C78 /* SceneDelegate.swift */,
				31AEC13D23ED47CE00288C78 /* ContentView.swift */,
				31AEC13F23ED47D000288C78 /* Assets.xcassets */,
				31AEC14423ED47D000288C78 /* LaunchScreen.storyboard */,
				31AEC14723ED47D000288C78 /* Info.plist */,
				31AEC14123ED47D000288C78 /* Preview Content */,
			);
			path = AuthDemo;
			sourceTree = "<group>";
		};
		31AEC14123ED47D000288C78 /* Preview Content */ = {
			isa = PBXGroup;
			children = (
				31AEC14223ED47D000288C78 /* Preview Assets.xcassets */,
			);
			path = "Preview Content";
			sourceTree = "<group>";
		};
		31AEC14F23ED47D100288C78 /* AuthDemoTests */ = {
			isa = PBXGroup;
			children = (
				31AEC15023ED47D100288C78 /* AuthDemoTests.swift */,
				31AEC15223ED47D100288C78 /* Info.plist */,
			);
			path = AuthDemoTests;
			sourceTree = "<group>";
		};
		31AEC15A23ED47D100288C78 /* AuthDemoUITests */ = {
			isa = PBXGroup;
			children = (
				31AEC15B23ED47D100288C78 /* AuthDemoUITests.swift */,
				31AEC15D23ED47D100288C78 /* Info.plist */,
			);
			path = AuthDemoUITests;
			sourceTree = "<group>";
		};
/* End PBXGroup section */

/* Begin PBXNativeTarget section */
		31AEC13523ED47CE00288C78 /* AuthDemo */ = {
			isa = PBXNativeTarget;
			buildConfigurationList = 31AEC16023ED47D100288C78 /* Build configuration list for PBXNativeTarget "AuthDemo" */;
			buildPhases = (
				31AEC13223ED47CE00288C78 /* Sources */,
				31AEC13323ED47CE00288C78 /* Frameworks */,
				31AEC13423ED47CE00288C78 /* Resources */,
			);
			buildRules = (
			);
			dependencies = (
			);
			name = AuthDemo;
			productName = AuthDemo;
			productReference = 31AEC13623ED47CE00288C78 /* AuthDemo.app */;
			productType = "com.apple.product-type.application";
		};
		31AEC14B23ED47D100288C78 /* AuthDemoTests */ = {
			isa = PBXNativeTarget;
			buildConfigurationList = 31AEC16323ED47D100288C78 /* Build configuration list for PBXNativeTarget "AuthDemoTests" */;
			buildPhases = (
				31AEC14823ED47D100288C78 /* Sources */,
				31AEC14923ED47D100288C78 /* Frameworks */,
				31AEC14A23ED47D100288C78 /* Resources */,
			);
			buildRules = (
			);
			dependencies = (
				31AEC14E23ED47D100288C78 /* PBXTargetDependency */,
			);
			name = AuthDemoTests;
			productName = AuthDemoTests;
			productReference = 31AEC14C23ED47D100288C78 /* AuthDemoTests.xctest */;
			productType = "com.apple.product-type.bundle.unit-test";
		};
		31AEC15623ED47D100288C78 /* AuthDemoUITests */ = {
			isa = PBXNativeTarget;
			buildConfigurationList = 31AEC16623ED47D100288C78 /* Build configuration list for PBXNativeTarget "AuthDemoUITests" */;
			buildPhases = (
				31AEC15323ED47D100288C78 /* Sources */,
				31AEC15423ED47D100288C78 /* Frameworks */,
				31AEC15523ED47D100288C78 /* Resources */,
			);
			buildRules = (
			);
			dependencies = (
				31AEC15923ED47D100288C78 /* PBXTargetDependency */,
			);
			name = AuthDemoUITests;
			productName = AuthDemoUITests;
			productReference = 31AEC15723ED47D100288C78 /* AuthDemoUITests.xctest */;
			productType = "com.apple.product-type.bundle.ui-testing";
		};
/* End PBXNativeTarget section */

/* Begin PBXProject section */
		31AEC12E23ED47CE00288C78 /* Project object */ = {
			isa = PBXProject;
			attributes = {
				LastSwiftUpdateCheck = 1130;
				LastUpgradeCheck = 1130;
				ORGANIZATIONNAME = "Yunior Lopez";
				TargetAttributes = {
					31AEC13523ED47CE00288C78 = {
						CreatedOnToolsVersion = 11.3.1;
					};
					31AEC14B23ED47D100288C78 = {
						CreatedOnToolsVersion = 11.3.1;
						TestTargetID = 31AEC13523ED47CE00288C78;
					};
					31AEC15623ED47D100288C78 = {
						CreatedOnToolsVersion = 11.3.1;
						TestTargetID = 31AEC13523ED47CE00288C78;
					};
				};
			};
			buildConfigurationList = 31AEC13123ED47CE00288C78 /* Build configuration list for PBXProject "AuthDemo" */;
			compatibilityVersion = "Xcode 9.3";
			developmentRegion = en;
			hasScannedForEncodings = 0;
			knownRegions = (
				en,
				Base,
			);
			mainGroup = 31AEC12D23ED47CE00288C78;
			productRefGroup = 31AEC13723ED47CE00288C78 /* Products */;
			projectDirPath = "";
			projectRoot = "";
			targets = (
				31AEC13523ED47CE00288C78 /* AuthDemo */,
				31AEC14B23ED47D100288C78 /* AuthDemoTests */,
				31AEC15623ED47D100288C78 /* AuthDemoUITests */,
			);
		};
/* End PBXProject section */

/* Begin PBXResourcesBuildPhase section */
		31AEC13423ED47CE00288C78 /* Resources */ = {
			isa = PBXResourcesBuildPhase;
			buildActionMask = 2147483647;
			files = (
				31AEC14623ED47D000288C78 /* LaunchScreen.storyboard in Resources */,
				31AEC14323ED47D000288C78 /* Preview Assets.xcassets in Resources */,
				31AEC14023ED47D000288C78 /* Assets.xcassets in Resources */,
			);
			runOnlyForDeploymentPostprocessing = 0;
		};
		31AEC14A23ED47D100288C78 /* Resources */ = {
			isa = PBXResourcesBuildPhase;
			buildActionMask = 2147483647;
			files = (
			);
			runOnlyForDeploymentPostprocessing = 0;
		};
		31AEC15523ED47D100288C78 /* Resources */ = {
			isa = PBXResourcesBuildPhase;
			buildActionMask = 2147483647;
			files = (
			);
			runOnlyForDeploymentPostprocessing = 0;
		};
/* End PBXResourcesBuildPhase section */

/* Begin PBXSourcesBuildPhase section */
		31AEC13223ED47CE00288C78 /* Sources */ = {
			isa = PBXSourcesBuildPhase;
			buildActionMask = 2147483647;
			files = (
				31AEC13A23ED47CE00288C78 /* AppDelegate.swift in Sources */,
				31AEC13C23ED47CE00288C78 /* SceneDelegate.swift in Sources */,
				31AEC13E23ED47CE00288C78 /* ContentView.swift in Sources */,
			);
			runOnlyForDeploymentPostprocessing = 0;
		};
		31AEC14823ED47D100288C78 /* Sources */ = {
			isa = PBXSourcesBuildPhase;
			buildActionMask = 2147483647;
			files = (
				31AEC15123ED47D100288C78 /* AuthDemoTests.swift in Sources */,
			);
			runOnlyForDeploymentPostprocessing = 0;
		};
		31AEC15323ED47D100288C78 /* Sources */ = {
			isa = PBXSourcesBuildPhase;
			buildActionMask = 2147483647;
			files = (
				31AEC15C23ED47D100288C78 /* AuthDemoUITests.swift in Sources */,
			);
			runOnlyForDeploymentPostprocessing = 0;
		};
/* End PBXSourcesBuildPhase section */

/* Begin PBXTargetDependency section */
		31AEC14E23ED47D100288C78 /* PBXTargetDependency */ = {
			isa = PBXTargetDependency;
			target = 31AEC13523ED47CE00288C78 /* AuthDemo */;
			targetProxy = 31AEC14D23ED47D100288C78 /* PBXContainerItemProxy */;
		};
		31AEC15923ED47D100288C78 /* PBXTargetDependency */ = {
			isa = PBXTargetDependency;
			target = 31AEC13523ED47CE00288C78 /* AuthDemo */;
			targetProxy = 31AEC15823ED47D100288C78 /* PBXContainerItemProxy */;
		};
/* End PBXTargetDependency section */

/* Begin PBXVariantGroup section */
		31AEC14423ED47D000288C78 /* LaunchScreen.storyboard */ = {
			isa = PBXVariantGroup;
			children = (
				31AEC14523ED47D000288C78 /* Base */,
			);
			name = LaunchScreen.storyboard;
			sourceTree = "<group>";
		};
/* End PBXVariantGroup section */

/* Begin XCBuildConfiguration section */
		31AEC15E23ED47D100288C78 /* Debug */ = {
			isa = XCBuildConfiguration;
			buildSettings = {
				ALWAYS_SEARCH_USER_PATHS = NO;
				CLANG_ANALYZER_NONNULL = YES;
				CLANG_ANALYZER_NUMBER_OBJECT_CONVERSION = YES_AGGRESSIVE;
				CLANG_CXX_LANGUAGE_STANDARD = "gnu++14";
				CLANG_CXX_LIBRARY = "libc++";
				CLANG_ENABLE_MODULES = YES;
				CLANG_ENABLE_OBJC_ARC = YES;
				CLANG_ENABLE_OBJC_WEAK = YES;
				CLANG_WARN_BLOCK_CAPTURE_AUTORELEASING = YES;
				CLANG_WARN_BOOL_CONVERSION = YES;
				CLANG_WARN_COMMA = YES;
				CLANG_WARN_CONSTANT_CONVERSION = YES;
				CLANG_WARN_DEPRECATED_OBJC_IMPLEMENTATIONS = YES;
				CLANG_WARN_DIRECT_OBJC_ISA_USAGE = YES_ERROR;
				CLANG_WARN_DOCUMENTATION_COMMENTS = YES;
				CLANG_WARN_EMPTY_BODY = YES;
				CLANG_WARN_ENUM_CONVERSION = YES;
				CLANG_WARN_INFINITE_RECURSION = YES;
				CLANG_WARN_INT_CONVERSION = YES;
				CLANG_WARN_NON_LITERAL_NULL_CONVERSION = YES;
				CLANG_WARN_OBJC_IMPLICIT_RETAIN_SELF = YES;
				CLANG_WARN_OBJC_LITERAL_CONVERSION = YES;
				CLANG_WARN_OBJC_ROOT_CLASS = YES_ERROR;
				CLANG_WARN_RANGE_LOOP_ANALYSIS = YES;
				CLANG_WARN_STRICT_PROTOTYPES = YES;
				CLANG_WARN_SUSPICIOUS_MOVE = YES;
				CLANG_WARN_UNGUARDED_AVAILABILITY = YES_AGGRESSIVE;
				CLANG_WARN_UNREACHABLE_CODE = YES;
				CLANG_WARN__DUPLICATE_METHOD_MATCH = YES;
				COPY_PHASE_STRIP = NO;
				DEBUG_INFORMATION_FORMAT = dwarf;
				ENABLE_STRICT_OBJC_MSGSEND = YES;
				ENABLE_TESTABILITY = YES;
				GCC_C_LANGUAGE_STANDARD = gnu11;
				GCC_DYNAMIC_NO_PIC = NO;
				GCC_NO_COMMON_BLOCKS = YES;
				GCC_OPTIMIZATION_LEVEL = 0;
				GCC_PREPROCESSOR_DEFINITIONS = (
					"DEBUG=1",
					"$(inherited)",
				);
				GCC_WARN_64_TO_32_BIT_CONVERSION = YES;
				GCC_WARN_ABOUT_RETURN_TYPE = YES_ERROR;
				GCC_WARN_UNDECLARED_SELECTOR = YES;
				GCC_WARN_UNINITIALIZED_AUTOS = YES_AGGRESSIVE;
				GCC_WARN_UNUSED_FUNCTION = YES;
				GCC_WARN_UNUSED_VARIABLE = YES;
				IPHONEOS_DEPLOYMENT_TARGET = 13.2;
				MTL_ENABLE_DEBUG_INFO = INCLUDE_SOURCE;
				MTL_FAST_MATH = YES;
				ONLY_ACTIVE_ARCH = YES;
				SDKROOT = iphoneos;
				SWIFT_ACTIVE_COMPILATION_CONDITIONS = DEBUG;
				SWIFT_OPTIMIZATION_LEVEL = "-Onone";
			};
			name = Debug;
		};
		31AEC15F23ED47D100288C78 /* Release */ = {
			isa = XCBuildConfiguration;
			buildSettings = {
				ALWAYS_SEARCH_USER_PATHS = NO;
				CLANG_ANALYZER_NONNULL = YES;
				CLANG_ANALYZER_NUMBER_OBJECT_CONVERSION = YES_AGGRESSIVE;
				CLANG_CXX_LANGUAGE_STANDARD = "gnu++14";
				CLANG_CXX_LIBRARY = "libc++";
				CLANG_ENABLE_MODULES = YES;
				CLANG_ENABLE_OBJC_ARC = YES;
				CLANG_ENABLE_OBJC_WEAK = YES;
				CLANG_WARN_BLOCK_CAPTURE_AUTORELEASING = YES;
				CLANG_WARN_BOOL_CONVERSION = YES;
				CLANG_WARN_COMMA = YES;
				CLANG_WARN_CONSTANT_CONVERSION = YES;
				CLANG_WARN_DEPRECATED_OBJC_IMPLEMENTATIONS = YES;
				CLANG_WARN_DIRECT_OBJC_ISA_USAGE = YES_ERROR;
				CLANG_WARN_DOCUMENTATION_COMMENTS = YES;
				CLANG_WARN_EMPTY_BODY = YES;
				CLANG_WARN_ENUM_CONVERSION = YES;
				CLANG_WARN_INFINITE_RECURSION = YES;
				CLANG_WARN_INT_CONVERSION = YES;
				CLANG_WARN_NON_LITERAL_NULL_CONVERSION = YES;
				CLANG_WARN_OBJC_IMPLICIT_RETAIN_SELF = YES;
				CLANG_WARN_OBJC_LITERAL_CONVERSION = YES;
				CLANG_WARN_OBJC_ROOT_CLASS = YES_ERROR;
				CLANG_WARN_RANGE_LOOP_ANALYSIS = YES;
				CLANG_WARN_STRICT_PROTOTYPES = YES;
				CLANG_WARN_SUSPICIOUS_MOVE = YES;
				CLANG_WARN_UNGUARDED_AVAILABILITY = YES_AGGRESSIVE;
				CLANG_WARN_UNREACHABLE_CODE = YES;
				CLANG_WARN__DUPLICATE_METHOD_MATCH = YES;
				COPY_PHASE_STRIP = NO;
				DEBUG_INFORMATION_FORMAT = "dwarf-with-dsym";
				ENABLE_NS_ASSERTIONS = NO;
				ENABLE_STRICT_OBJC_MSGSEND = YES;
				GCC_C_LANGUAGE_STANDARD = gnu11;
				GCC_NO_COMMON_BLOCKS = YES;
				GCC_WARN_64_TO_32_BIT_CONVERSION = YES;
				GCC_WARN_ABOUT_RETURN_TYPE = YES_ERROR;
				GCC_WARN_UNDECLARED_SELECTOR = YES;
				GCC_WARN_UNINITIALIZED_AUTOS = YES_AGGRESSIVE;
				GCC_WARN_UNUSED_FUNCTION = YES;
				GCC_WARN_UNUSED_VARIABLE = YES;
				IPHONEOS_DEPLOYMENT_TARGET = 13.2;
				MTL_ENABLE_DEBUG_INFO = NO;
				MTL_FAST_MATH = YES;
				SDKROOT = iphoneos;
				SWIFT_COMPILATION_MODE = wholemodule;
				SWIFT_OPTIMIZATION_LEVEL = "-O";
				VALIDATE_PRODUCT = YES;
			};
			name = Release;
		};
		31AEC16123ED47D100288C78 /* Debug */ = {
			isa = XCBuildConfiguration;
			buildSettings = {
				ASSETCATALOG_COMPILER_APPICON_NAME = AppIcon;
				CODE_SIGN_STYLE = Automatic;
				DEVELOPMENT_ASSET_PATHS = "\"AuthDemo/Preview Content\"";
				ENABLE_PREVIEWS = YES;
				INFOPLIST_FILE = AuthDemo/Info.plist;
				LD_RUNPATH_SEARCH_PATHS = (
					"$(inherited)",
					"@executable_path/Frameworks",
				);
				PRODUCT_BUNDLE_IDENTIFIER = Testing.AuthDemo;
				PRODUCT_NAME = "$(TARGET_NAME)";
				SWIFT_VERSION = 5.0;
				TARGETED_DEVICE_FAMILY = "1,2";
			};
			name = Debug;
		};
		31AEC16223ED47D100288C78 /* Release */ = {
			isa = XCBuildConfiguration;
			buildSettings = {
				ASSETCATALOG_COMPILER_APPICON_NAME = AppIcon;
				CODE_SIGN_STYLE = Automatic;
				DEVELOPMENT_ASSET_PATHS = "\"AuthDemo/Preview Content\"";
				ENABLE_PREVIEWS = YES;
				INFOPLIST_FILE = AuthDemo/Info.plist;
				LD_RUNPATH_SEARCH_PATHS = (
					"$(inherited)",
					"@executable_path/Frameworks",
				);
				PRODUCT_BUNDLE_IDENTIFIER = Testing.AuthDemo;
				PRODUCT_NAME = "$(TARGET_NAME)";
				SWIFT_VERSION = 5.0;
				TARGETED_DEVICE_FAMILY = "1,2";
			};
			name = Release;
		};
		31AEC16423ED47D100288C78 /* Debug */ = {
			isa = XCBuildConfiguration;
			buildSettings = {
				ALWAYS_EMBED_SWIFT_STANDARD_LIBRARIES = YES;
				BUNDLE_LOADER = "$(TEST_HOST)";
				CODE_SIGN_STYLE = Automatic;
				INFOPLIST_FILE = AuthDemoTests/Info.plist;
				IPHONEOS_DEPLOYMENT_TARGET = 13.2;
				LD_RUNPATH_SEARCH_PATHS = (
					"$(inherited)",
					"@executable_path/Frameworks",
					"@loader_path/Frameworks",
				);
				PRODUCT_BUNDLE_IDENTIFIER = Testing.AuthDemoTests;
				PRODUCT_NAME = "$(TARGET_NAME)";
				SWIFT_VERSION = 5.0;
				TARGETED_DEVICE_FAMILY = "1,2";
				TEST_HOST = "$(BUILT_PRODUCTS_DIR)/AuthDemo.app/AuthDemo";
			};
			name = Debug;
		};
		31AEC16523ED47D100288C78 /* Release */ = {
			isa = XCBuildConfiguration;
			buildSettings = {
				ALWAYS_EMBED_SWIFT_STANDARD_LIBRARIES = YES;
				BUNDLE_LOADER = "$(TEST_HOST)";
				CODE_SIGN_STYLE = Automatic;
				INFOPLIST_FILE = AuthDemoTests/Info.plist;
				IPHONEOS_DEPLOYMENT_TARGET = 13.2;
				LD_RUNPATH_SEARCH_PATHS = (
					"$(inherited)",
					"@executable_path/Frameworks",
					"@loader_path/Frameworks",
				);
				PRODUCT_BUNDLE_IDENTIFIER = Testing.AuthDemoTests;
				PRODUCT_NAME = "$(TARGET_NAME)";
				SWIFT_VERSION = 5.0;
				TARGETED_DEVICE_FAMILY = "1,2";
				TEST_HOST = "$(BUILT_PRODUCTS_DIR)/AuthDemo.app/AuthDemo";
			};
			name = Release;
		};
		31AEC16723ED47D100288C78 /* Debug */ = {
			isa = XCBuildConfiguration;
			buildSettings = {
				ALWAYS_EMBED_SWIFT_STANDARD_LIBRARIES = YES;
				CODE_SIGN_STYLE = Automatic;
				INFOPLIST_FILE = AuthDemoUITests/Info.plist;
				LD_RUNPATH_SEARCH_PATHS = (
					"$(inherited)",
					"@executable_path/Frameworks",
					"@loader_path/Frameworks",
				);
				PRODUCT_BUNDLE_IDENTIFIER = Testing.AuthDemoUITests;
				PRODUCT_NAME = "$(TARGET_NAME)";
				SWIFT_VERSION = 5.0;
				TARGETED_DEVICE_FAMILY = "1,2";
				TEST_TARGET_NAME = AuthDemo;
			};
			name = Debug;
		};
		31AEC16823ED47D100288C78 /* Release */ = {
			isa = XCBuildConfiguration;
			buildSettings = {
				ALWAYS_EMBED_SWIFT_STANDARD_LIBRARIES = YES;
				CODE_SIGN_STYLE = Automatic;
				INFOPLIST_FILE = AuthDemoUITests/Info.plist;
				LD_RUNPATH_SEARCH_PATHS = (
					"$(inherited)",
					"@executable_path/Frameworks",
					"@loader_path/Frameworks",
				);
				PRODUCT_BUNDLE_IDENTIFIER = Testing.AuthDemoUITests;
				PRODUCT_NAME = "$(TARGET_NAME)";
				SWIFT_VERSION = 5.0;
				TARGETED_DEVICE_FAMILY = "1,2";
				TEST_TARGET_NAME = AuthDemo;
			};
			name = Release;
		};
/* End XCBuildConfiguration section */

/* Begin XCConfigurationList section */
		31AEC13123ED47CE00288C78 /* Build configuration list for PBXProject "AuthDemo" */ = {
			isa = XCConfigurationList;
			buildConfigurations = (
				31AEC15E23ED47D100288C78 /* Debug */,
				31AEC15F23ED47D100288C78 /* Release */,
			);
			defaultConfigurationIsVisible = 0;
			defaultConfigurationName = Release;
		};
		31AEC16023ED47D100288C78 /* Build configuration list for PBXNativeTarget "AuthDemo" */ = {
			isa = XCConfigurationList;
			buildConfigurations = (
				31AEC16123ED47D100288C78 /* Debug */,
				31AEC16223ED47D100288C78 /* Release */,
			);
			defaultConfigurationIsVisible = 0;
			defaultConfigurationName = Release;
		};
		31AEC16323ED47D100288C78 /* Build configuration list for PBXNativeTarget "AuthDemoTests" */ = {
			isa = XCConfigurationList;
			buildConfigurations = (
				31AEC16423ED47D100288C78 /* Debug */,
				31AEC16523ED47D100288C78 /* Release */,
			);
			defaultConfigurationIsVisible = 0;
			defaultConfigurationName = Release;
		};
		31AEC16623ED47D100288C78 /* Build configuration list for PBXNativeTarget "AuthDemoUITests" */ = {
			isa = XCConfigurationList;
			buildConfigurations = (
				31AEC16723ED47D100288C78 /* Debug */,
				31AEC16823ED47D100288C78 /* Release */,
			);
			defaultConfigurationIsVisible = 0;
			defaultConfigurationName = Release;
		};
/* End XCConfigurationList section */
	};
	rootObject = 31AEC12E23ED47CE00288C78 /* Project object */;
}
